# This file is automatically @generated by Poetry 1.7.1 and should not be changed by hand.

[[package]]
name = "mpmath"
version = "1.3.0"
description = "Python library for arbitrary-precision floating-point arithmetic"
optional = false
python-versions = "*"
files = [
    {file = "mpmath-1.3.0-py3-none-any.whl", hash = "sha256:a0b2b9fe80bbcd81a6647ff13108738cfb482d481d826cc0e02f5b35e5c88d2c"},
    {file = "mpmath-1.3.0.tar.gz", hash = "sha256:7a28eb2a9774d00c7bc92411c19a89209d5da7c4c9a9e227be8330a23a25b91f"},
]

[package.extras]
develop = ["codecov", "pycodestyle", "pytest (>=4.6)", "pytest-cov", "wheel"]
docs = ["sphinx"]
gmpy = ["gmpy2 (>=2.1.0a4)"]
tests = ["pytest (>=4.6)"]

[[package]]
name = "pycryptodome"
version = "3.20.0"
description = "Cryptographic library for Python"
optional = false
python-versions = ">=2.7, !=3.0.*, !=3.1.*, !=3.2.*, !=3.3.*, !=3.4.*"
files = [
    {file = "pycryptodome-3.20.0-cp27-cp27m-macosx_10_9_x86_64.whl", hash = "sha256:f0e6d631bae3f231d3634f91ae4da7a960f7ff87f2865b2d2b831af1dfb04e9a"},
    {file = "pycryptodome-3.20.0-cp27-cp27m-manylinux2010_i686.whl", hash = "sha256:baee115a9ba6c5d2709a1e88ffe62b73ecc044852a925dcb67713a288c4ec70f"},
    {file = "pycryptodome-3.20.0-cp27-cp27m-manylinux2010_x86_64.whl", hash = "sha256:417a276aaa9cb3be91f9014e9d18d10e840a7a9b9a9be64a42f553c5b50b4d1d"},
    {file = "pycryptodome-3.20.0-cp27-cp27m-manylinux_2_17_aarch64.manylinux2014_aarch64.whl", hash = "sha256:2a1250b7ea809f752b68e3e6f3fd946b5939a52eaeea18c73bdab53e9ba3c2dd"},
    {file = "pycryptodome-3.20.0-cp27-cp27m-musllinux_1_1_aarch64.whl", hash = "sha256:d5954acfe9e00bc83ed9f5cb082ed22c592fbbef86dc48b907238be64ead5c33"},
    {file = "pycryptodome-3.20.0-cp27-cp27m-win32.whl", hash = "sha256:06d6de87c19f967f03b4cf9b34e538ef46e99a337e9a61a77dbe44b2cbcf0690"},
    {file = "pycryptodome-3.20.0-cp27-cp27m-win_amd64.whl", hash = "sha256:ec0bb1188c1d13426039af8ffcb4dbe3aad1d7680c35a62d8eaf2a529b5d3d4f"},
    {file = "pycryptodome-3.20.0-cp27-cp27mu-manylinux2010_i686.whl", hash = "sha256:5601c934c498cd267640b57569e73793cb9a83506f7c73a8ec57a516f5b0b091"},
    {file = "pycryptodome-3.20.0-cp27-cp27mu-manylinux2010_x86_64.whl", hash = "sha256:d29daa681517f4bc318cd8a23af87e1f2a7bad2fe361e8aa29c77d652a065de4"},
    {file = "pycryptodome-3.20.0-cp27-cp27mu-manylinux_2_17_aarch64.manylinux2014_aarch64.whl", hash = "sha256:3427d9e5310af6680678f4cce149f54e0bb4af60101c7f2c16fdf878b39ccccc"},
    {file = "pycryptodome-3.20.0-cp27-cp27mu-musllinux_1_1_aarch64.whl", hash = "sha256:3cd3ef3aee1079ae44afaeee13393cf68b1058f70576b11439483e34f93cf818"},
    {file = "pycryptodome-3.20.0-cp35-abi3-macosx_10_9_universal2.whl", hash = "sha256:ac1c7c0624a862f2e53438a15c9259d1655325fc2ec4392e66dc46cdae24d044"},
    {file = "pycryptodome-3.20.0-cp35-abi3-macosx_10_9_x86_64.whl", hash = "sha256:76658f0d942051d12a9bd08ca1b6b34fd762a8ee4240984f7c06ddfb55eaf15a"},
    {file = "pycryptodome-3.20.0-cp35-abi3-manylinux_2_17_aarch64.manylinux2014_aarch64.whl", hash = "sha256:f35d6cee81fa145333137009d9c8ba90951d7d77b67c79cbe5f03c7eb74d8fe2"},
    {file = "pycryptodome-3.20.0-cp35-abi3-manylinux_2_17_x86_64.manylinux2014_x86_64.whl", hash = "sha256:76cb39afede7055127e35a444c1c041d2e8d2f1f9c121ecef573757ba4cd2c3c"},
    {file = "pycryptodome-3.20.0-cp35-abi3-manylinux_2_5_i686.manylinux1_i686.manylinux_2_17_i686.manylinux2014_i686.whl", hash = "sha256:49a4c4dc60b78ec41d2afa392491d788c2e06edf48580fbfb0dd0f828af49d25"},
    {file = "pycryptodome-3.20.0-cp35-abi3-musllinux_1_1_aarch64.whl", hash = "sha256:fb3b87461fa35afa19c971b0a2b7456a7b1db7b4eba9a8424666104925b78128"},
    {file = "pycryptodome-3.20.0-cp35-abi3-musllinux_1_1_i686.whl", hash = "sha256:acc2614e2e5346a4a4eab6e199203034924313626f9620b7b4b38e9ad74b7e0c"},
    {file = "pycryptodome-3.20.0-cp35-abi3-musllinux_1_1_x86_64.whl", hash = "sha256:210ba1b647837bfc42dd5a813cdecb5b86193ae11a3f5d972b9a0ae2c7e9e4b4"},
    {file = "pycryptodome-3.20.0-cp35-abi3-win32.whl", hash = "sha256:8d6b98d0d83d21fb757a182d52940d028564efe8147baa9ce0f38d057104ae72"},
    {file = "pycryptodome-3.20.0-cp35-abi3-win_amd64.whl", hash = "sha256:9b3ae153c89a480a0ec402e23db8d8d84a3833b65fa4b15b81b83be9d637aab9"},
    {file = "pycryptodome-3.20.0-pp27-pypy_73-manylinux2010_x86_64.whl", hash = "sha256:4401564ebf37dfde45d096974c7a159b52eeabd9969135f0426907db367a652a"},
    {file = "pycryptodome-3.20.0-pp27-pypy_73-win32.whl", hash = "sha256:ec1f93feb3bb93380ab0ebf8b859e8e5678c0f010d2d78367cf6bc30bfeb148e"},
    {file = "pycryptodome-3.20.0-pp310-pypy310_pp73-macosx_10_9_x86_64.whl", hash = "sha256:acae12b9ede49f38eb0ef76fdec2df2e94aad85ae46ec85be3648a57f0a7db04"},
    {file = "pycryptodome-3.20.0-pp310-pypy310_pp73-manylinux_2_17_x86_64.manylinux2014_x86_64.whl", hash = "sha256:f47888542a0633baff535a04726948e876bf1ed880fddb7c10a736fa99146ab3"},
    {file = "pycryptodome-3.20.0-pp310-pypy310_pp73-manylinux_2_5_i686.manylinux1_i686.manylinux_2_17_i686.manylinux2014_i686.whl", hash = "sha256:6e0e4a987d38cfc2e71b4a1b591bae4891eeabe5fa0f56154f576e26287bfdea"},
    {file = "pycryptodome-3.20.0-pp310-pypy310_pp73-win_amd64.whl", hash = "sha256:c18b381553638414b38705f07d1ef0a7cf301bc78a5f9bc17a957eb19446834b"},
    {file = "pycryptodome-3.20.0-pp39-pypy39_pp73-macosx_10_9_x86_64.whl", hash = "sha256:a60fedd2b37b4cb11ccb5d0399efe26db9e0dd149016c1cc6c8161974ceac2d6"},
    {file = "pycryptodome-3.20.0-pp39-pypy39_pp73-manylinux_2_17_x86_64.manylinux2014_x86_64.whl", hash = "sha256:405002eafad114a2f9a930f5db65feef7b53c4784495dd8758069b89baf68eab"},
    {file = "pycryptodome-3.20.0-pp39-pypy39_pp73-manylinux_2_5_i686.manylinux1_i686.manylinux_2_17_i686.manylinux2014_i686.whl", hash = "sha256:2ab6ab0cb755154ad14e507d1df72de9897e99fd2d4922851a276ccc14f4f1a5"},
    {file = "pycryptodome-3.20.0-pp39-pypy39_pp73-win_amd64.whl", hash = "sha256:acf6e43fa75aca2d33e93409f2dafe386fe051818ee79ee8a3e21de9caa2ac9e"},
    {file = "pycryptodome-3.20.0.tar.gz", hash = "sha256:09609209ed7de61c2b560cc5c8c4fbf892f8b15b1faf7e4cbffac97db1fffda7"},
]

[[package]]
name = "sympy"
version = "1.12"
description = "Computer algebra system (CAS) in Python"
optional = false
python-versions = ">=3.8"
files = [
    {file = "sympy-1.12-py3-none-any.whl", hash = "sha256:c3588cd4295d0c0f603d0f2ae780587e64e2efeedb3521e46b9bb1d08d184fa5"},
    {file = "sympy-1.12.tar.gz", hash = "sha256:ebf595c8dac3e0fdc4152c51878b498396ec7f30e7a914d6071e674d49420fb8"},
]

[package.dependencies]
mpmath = ">=0.19"

[metadata]
lock-version = "2.0"
python-versions = "^3.12"
content-hash = "d26ff1ae937fa824200e70d94b875408825b6c568baa4bc6f4c1c719b32e4bec"
